Microsoft Visual Studio Solution File, Format Version 11.00
# Visual Studio 2010
Project("{8BC9CEB8-8B4A-11D0-8D11-00A0C91BC942}") = "windirstat", "windirstat\windirstat.vcxproj", "{BD11B94C-6594-4477-9FDF-2E24447D1F14}"
EndProject
Project("{8BC9CEB8-8B4A-11D0-8D11-00A0C91BC942}") = "linkcounter", "linkcounter\linkcounter.vcxproj", "{B22C844E-3380-4CCA-916C-ACD354D291C4}"
EndProject
Global
	GlobalSection(SolutionConfigurationPlatforms) = preSolution
		Debug|Win32 = Debug|Win32
		Release|Win32 = Release|Win32
		StrongDebug|Win32 = StrongDebug|Win32
		Template|Win32 = Template|Win32
		UnicodeDebug|Win32 = UnicodeDebug|Win32
		UnicodeRelease|Win32 = UnicodeRelease|Win32
	EndGlobalSection
	GlobalSection(ProjectConfigurationPlatforms) = postSolution
		{BD11B94C-6594-4477-9FDF-2E24447D1F14}.Debug|Win32.ActiveCfg = Debug|Win32
		{BD11B94C-6594-4477-9FDF-2E24447D1F14}.Debug|Win32.Build.0 = Debug|Win32
		{BD11B94C-6594-4477-9FDF-2E24447D1F14}.Release|Win32.ActiveCfg = Release|Win32
		{BD11B94C-6594-4477-9FDF-2E24447D1F14}.Release|Win32.Build.0 = Release|Win32
		{BD11B94C-6594-4477-9FDF-2E24447D1F14}.StrongDebug|Win32.ActiveCfg = StrongDebug|Win32
		{BD11B94C-6594-4477-9FDF-2E24447D1F14}.StrongDebug|Win32.Build.0 = StrongDebug|Win32
		{BD11B94C-6594-4477-9FDF-2E24447D1F14}.Template|Win32.ActiveCfg = Template|Win32
		{BD11B94C-6594-4477-9FDF-2E24447D1F14}.Template|Win32.Build.0 = Template|Win32
		{BD11B94C-6594-4477-9FDF-2E24447D1F14}.UnicodeDebug|Win32.ActiveCfg = UnicodeDebug|Win32
		{BD11B94C-6594-4477-9FDF-2E24447D1F14}.UnicodeDebug|Win32.Build.0 = UnicodeDebug|Win32
		{BD11B94C-6594-4477-9FDF-2E24447D1F14}.UnicodeRelease|Win32.ActiveCfg = UnicodeRelease|Win32
		{BD11B94C-6594-4477-9FDF-2E24447D1F14}.UnicodeRelease|Win32.Build.0 = UnicodeRelease|Win32
		{B22C844E-3380-4CCA-916C-ACD354D291C4}.Debug|Win32.ActiveCfg = Release|Win32
		{B22C844E-3380-4CCA-916C-ACD354D291C4}.Debug|Win32.Build.0 = Release|Win32
		{B22C844E-3380-4CCA-916C-ACD354D291C4}.Release|Win32.ActiveCfg = Release|Win32
		{B22C844E-3380-4CCA-916C-ACD354D291C4}.Release|Win32.Build.0 = Release|Win32
		{B22C844E-3380-4CCA-916C-ACD354D291C4}.StrongDebug|Win32.ActiveCfg = Release|Win32
		{B22C844E-3380-4CCA-916C-ACD354D291C4}.StrongDebug|Win32.Build.0 = Release|Win32
		{B22C844E-3380-4CCA-916C-ACD354D291C4}.Template|Win32.ActiveCfg = Release|Win32
		{B22C844E-3380-4CCA-916C-ACD354D291C4}.Template|Win32.Build.0 = Release|Win32
		{B22C844E-3380-4CCA-916C-ACD354D291C4}.UnicodeDebug|Win32.ActiveCfg = Release|Win32
		{B22C844E-3380-4CCA-916C-ACD354D291C4}.UnicodeDebug|Win32.Build.0 = Release|Win32
		{B22C844E-3380-4CCA-916C-ACD354D291C4}.UnicodeRelease|Win32.ActiveCfg = Release|Win32
		{B22C844E-3380-4CCA-916C-ACD354D291C4}.UnicodeRelease|Win32.Build.0 = Release|Win32
	EndGlobalSection
	GlobalSection(SolutionProperties) = preSolution
		HideSolutionNode = FALSE
	EndGlobalSection
EndGlobal
